
Microsoft Visual Studio Solution File, Format Version 12.00
# Visual Studio Version 17
VisualStudioVersion = 17.4.33213.308
MinimumVisualStudioVersion = 10.0.40219.1
Project("{FAE04EC0-301F-11D3-BF4B-00C04F79EFBC}") = "DesignPatterns", "DesignPatterns\DesignPatterns.csproj", "{892A7E55-AC1E-408D-85D2-77521CAE817B}"
EndProject
Global
	GlobalSection(SolutionConfigurationPlatforms) = preSolution
		Debug|Any CPU = Debug|Any CPU
		Release|Any CPU = Release|Any CPU
	EndGlobalSection
	GlobalSection(ProjectConfigurationPlatforms) = postSolution
		{892A7E55-AC1E-408D-85D2-77521CAE817B}.Debug|Any CPU.ActiveCfg = Debug|Any CPU
		{892A7E55-AC1E-408D-85D2-77521CAE817B}.Debug|Any CPU.Build.0 = Debug|Any CPU
		{892A7E55-AC1E-408D-85D2-77521CAE817B}.Release|Any CPU.ActiveCfg = Release|Any CPU
		{892A7E55-AC1E-408D-85D2-77521CAE817B}.Release|Any CPU.Build.0 = Release|Any CPU
	EndGlobalSection
	GlobalSection(SolutionProperties) = preSolution
		HideSolutionNode = FALSE
	EndGlobalSection
	GlobalSection(ExtensibilityGlobals) = postSolution
		SolutionGuid = {694C5DAF-5591-4E3E-8AB3-8FA351FA7ED8}
	EndGlobalSection
EndGlobal
